// !$*UTF8*$!
{
	archiveVersion = 1;
	classes = {
	};
	objectVersion = 50;
	objects = {

/* Begin PBXBuildFile section */
		362B29261EE179E8007D9874 /* PercentageVC.swift in Sources */ = {isa = PBXBuildFile; fileRef = 362B29251EE179E8007D9874 /* PercentageVC.swift */; };
		362B29281EE18867007D9874 /* SlopeVC.swift in Sources */ = {isa = PBXBuildFile; fileRef = 362B29271EE18867007D9874 /* SlopeVC.swift */; };
		362B292A1EE204DA007D9874 /* Images.xcassets in Resources */ = {isa = PBXBuildFile; fileRef = 362B29291EE204DA007D9874 /* Images.xcassets */; };
		3649C9271E72A8AC00D2B9C9 /* WebViewCV.swift in Sources */ = {isa = PBXBuildFile; fileRef = 3649C9261E72A8AC00D2B9C9 /* WebViewCV.swift */; };
		3658CBEA1E9BF8E500BEF184 /* SettingsVC.swift in Sources */ = {isa = PBXBuildFile; fileRef = 3658CBE91E9BF8E500BEF184 /* SettingsVC.swift */; };
		3663F0D51E12B81F00AF1DEF /* UIDesign.swift in Sources */ = {isa = PBXBuildFile; fileRef = 3663F0D41E12B81F00AF1DEF /* UIDesign.swift */; };
		3697C9381E78642A005E0259 /* MainVC.swift in Sources */ = {isa = PBXBuildFile; fileRef = 3697C9371E78642A005E0259 /* MainVC.swift */; };
		36A180461F9E8F30001705E7 /* SupportiveFunc.swift in Sources */ = {isa = PBXBuildFile; fileRef = 36A180451F9E8F30001705E7 /* SupportiveFunc.swift */; };
		36B865C21F5A1A2E004353B4 /* AREACVC.swift in Sources */ = {isa = PBXBuildFile; fileRef = 36B865C11F5A1A2E004353B4 /* AREACVC.swift */; };
		36B865C41F5A1A64004353B4 /* CollectionViewCell.swift in Sources */ = {isa = PBXBuildFile; fileRef = 36B865C31F5A1A64004353B4 /* CollectionViewCell.swift */; };
		36B865C61F5A1A9D004353B4 /* VolumeCVC.swift in Sources */ = {isa = PBXBuildFile; fileRef = 36B865C51F5A1A9D004353B4 /* VolumeCVC.swift */; };
		36B865CA1F5A1B3E004353B4 /* VolumeVC.swift in Sources */ = {isa = PBXBuildFile; fileRef = 36B865C91F5A1B3E004353B4 /* VolumeVC.swift */; };
		36B865CC1F5A20A6004353B4 /* AreaVC.swift in Sources */ = {isa = PBXBuildFile; fileRef = 36B865CB1F5A20A6004353B4 /* AreaVC.swift */; };
		36BAAA871E190C3D0028CA8D /* QuadraticEquationVC.swift in Sources */ = {isa = PBXBuildFile; fileRef = 36BAAA861E190C3D0028CA8D /* QuadraticEquationVC.swift */; };
		36CC39A81DE4DC6C00804469 /* AppDelegate.swift in Sources */ = {isa = PBXBuildFile; fileRef = 36CC39A71DE4DC6C00804469 /* AppDelegate.swift */; };
		36CC39AD1DE4DC6C00804469 /* Main.storyboard in Resources */ = {isa = PBXBuildFile; fileRef = 36CC39AB1DE4DC6C00804469 /* Main.storyboard */; };
		36CC39B21DE4DC6C00804469 /* LaunchScreen.storyboard in Resources */ = {isa = PBXBuildFile; fileRef = 36CC39B01DE4DC6C00804469 /* LaunchScreen.storyboard */; };
		36CC39BD1DE4DC6C00804469 /* Equations_XTests.swift in Sources */ = {isa = PBXBuildFile; fileRef = 36CC39BC1DE4DC6C00804469 /* Equations_XTests.swift */; };
		36CC39C81DE4DC6C00804469 /* Equations_XUITests.swift in Sources */ = {isa = PBXBuildFile; fileRef = 36CC39C71DE4DC6C00804469 /* Equations_XUITests.swift */; };
		36E8B4121E12EB0900E53FDE /* CubicEquation.swift in Sources */ = {isa = PBXBuildFile; fileRef = 36E8B4111E12EB0900E53FDE /* CubicEquation.swift */; };
/* End PBXBuildFile section */

/* Begin PBXContainerItemProxy section */
		36CC39B91DE4DC6C00804469 /* PBXContainerItemProxy */ = {
			isa = PBXContainerItemProxy;
			containerPortal = 36CC399C1DE4DC6C00804469 /* Project object */;
			proxyType = 1;
			remoteGlobalIDString = 36CC39A31DE4DC6C00804469;
			remoteInfo = "Equations-X";
		};
		36CC39C41DE4DC6C00804469 /* PBXContainerItemProxy */ = {
			isa = PBXContainerItemProxy;
			containerPortal = 36CC399C1DE4DC6C00804469 /* Project object */;
			proxyType = 1;
			remoteGlobalIDString = 36CC39A31DE4DC6C00804469;
			remoteInfo = "Equations-X";
		};
/* End PBXContainerItemProxy section */

/* Begin PBXFileReference section */
		362B29251EE179E8007D9874 /* PercentageVC.swift */ = {isa = PBXFileReference; fileEncoding = 4; lastKnownFileType = sourcecode.swift; path = PercentageVC.swift; sourceTree = "<group>"; };
		362B29271EE18867007D9874 /* SlopeVC.swift */ = {isa = PBXFileReference; fileEncoding = 4; lastKnownFileType = sourcecode.swift; path = SlopeVC.swift; sourceTree = "<group>"; };
		362B29291EE204DA007D9874 /* Images.xcassets */ = {isa = PBXFileReference; lastKnownFileType = folder.assetcatalog; name = Images.xcassets; path = Assets.xcassets/Images.xcassets; sourceTree = "<group>"; };
		3649C9261E72A8AC00D2B9C9 /* WebViewCV.swift */ = {isa = PBXFileReference; fileEncoding = 4; lastKnownFileType = sourcecode.swift; path = WebViewCV.swift; sourceTree = "<group>"; };
		3658CBE91E9BF8E500BEF184 /* SettingsVC.swift */ = {isa = PBXFileReference; fileEncoding = 4; lastKnownFileType = sourcecode.swift; path = SettingsVC.swift; sourceTree = "<group>"; };
		3663F0D41E12B81F00AF1DEF /* UIDesign.swift */ = {isa = PBXFileReference; fileEncoding = 4; lastKnownFileType = sourcecode.swift; path = UIDesign.swift; sourceTree = "<group>"; };
		3697C9371E78642A005E0259 /* MainVC.swift */ = {isa = PBXFileReference; fileEncoding = 4; lastKnownFileType = sourcecode.swift; path = MainVC.swift; sourceTree = "<group>"; };
		36A180451F9E8F30001705E7 /* SupportiveFunc.swift */ = {isa = PBXFileReference; lastKnownFileType = sourcecode.swift; path = SupportiveFunc.swift; sourceTree = "<group>"; };
		36B865C11F5A1A2E004353B4 /* AREACVC.swift */ = {isa = PBXFileReference; fileEncoding = 4; lastKnownFileType = sourcecode.swift; path = AREACVC.swift; sourceTree = "<group>"; };
		36B865C31F5A1A64004353B4 /* CollectionViewCell.swift */ = {isa = PBXFileReference; fileEncoding = 4; lastKnownFileType = sourcecode.swift; path = CollectionViewCell.swift; sourceTree = "<group>"; };
		36B865C51F5A1A9D004353B4 /* VolumeCVC.swift */ = {isa = PBXFileReference; fileEncoding = 4; lastKnownFileType = sourcecode.swift; path = VolumeCVC.swift; sourceTree = "<group>"; };
		36B865C91F5A1B3E004353B4 /* VolumeVC.swift */ = {isa = PBXFileReference; fileEncoding = 4; lastKnownFileType = sourcecode.swift; path = VolumeVC.swift; sourceTree = "<group>"; };
		36B865CB1F5A20A6004353B4 /* AreaVC.swift */ = {isa = PBXFileReference; fileEncoding = 4; lastKnownFileType = sourcecode.swift; path = AreaVC.swift; sourceTree = "<group>"; };
		36BAAA861E190C3D0028CA8D /* QuadraticEquationVC.swift */ = {isa = PBXFileReference; fileEncoding = 4; lastKnownFileType = sourcecode.swift; path = QuadraticEquationVC.swift; sourceTree = "<group>"; };
		36CC39A41DE4DC6C00804469 /* Equations-X.app */ = {isa = PBXFileReference; explicitFileType = wrapper.application; includeInIndex = 0; path = "Equations-X.app"; sourceTree = BUILT_PRODUCTS_DIR; };
		36CC39A71DE4DC6C00804469 /* AppDelegate.swift */ = {isa = PBXFileReference; lastKnownFileType = sourcecode.swift; path = AppDelegate.swift; sourceTree = "<group>"; };
		36CC39AC1DE4DC6C00804469 /* Base */ = {isa = PBXFileReference; lastKnownFileType = file.storyboard; name = Base; path = Base.lproj/Main.storyboard; sourceTree = "<group>"; };
		36CC39B11DE4DC6C00804469 /* Base */ = {isa = PBXFileReference; lastKnownFileType = file.storyboard; name = Base; path = Base.lproj/LaunchScreen.storyboard; sourceTree = "<group>"; };
		36CC39B31DE4DC6C00804469 /* Info.plist */ = {isa = PBXFileReference; lastKnownFileType = text.plist.xml; path = Info.plist; sourceTree = "<group>"; };
		36CC39B81DE4DC6C00804469 /* Equations-XTests.xctest */ = {isa = PBXFileReference; explicitFileType = wrapper.cfbundle; includeInIndex = 0; path = "Equations-XTests.xctest"; sourceTree = BUILT_PRODUCTS_DIR; };
		36CC39BC1DE4DC6C00804469 /* Equations_XTests.swift */ = {isa = PBXFileReference; lastKnownFileType = sourcecode.swift; path = Equations_XTests.swift; sourceTree = "<group>"; };
		36CC39BE1DE4DC6C00804469 /* Info.plist */ = {isa = PBXFileReference; lastKnownFileType = text.plist.xml; path = Info.plist; sourceTree = "<group>"; };
		36CC39C31DE4DC6C00804469 /* Equations-XUITests.xctest */ = {isa = PBXFileReference; explicitFileType = wrapper.cfbundle; includeInIndex = 0; path = "Equations-XUITests.xctest"; sourceTree = BUILT_PRODUCTS_DIR; };
		36CC39C71DE4DC6C00804469 /* Equations_XUITests.swift */ = {isa = PBXFileReference; lastKnownFileType = sourcecode.swift; path = Equations_XUITests.swift; sourceTree = "<group>"; };
		36CC39C91DE4DC6C00804469 /* Info.plist */ = {isa = PBXFileReference; lastKnownFileType = text.plist.xml; path = Info.plist; sourceTree = "<group>"; };
		36E8B4111E12EB0900E53FDE /* CubicEquation.swift */ = {isa = PBXFileReference; fileEncoding = 4; lastKnownFileType = sourcecode.swift; path = CubicEquation.swift; sourceTree = "<group>"; };
/* End PBXFileReference section */

/* Begin PBXFrameworksBuildPhase section */
		36CC39A11DE4DC6C00804469 /* Frameworks */ = {
			isa = PBXFrameworksBuildPhase;
			buildActionMask = 2147483647;
			files = (
			);
			runOnlyForDeploymentPostprocessing = 0;
		};
		36CC39B51DE4DC6C00804469 /* Frameworks */ = {
			isa = PBXFrameworksBuildPhase;
			buildActionMask = 2147483647;
			files = (
			);
			runOnlyForDeploymentPostprocessing = 0;
		};
		36CC39C01DE4DC6C00804469 /* Frameworks */ = {
			isa = PBXFrameworksBuildPhase;
			buildActionMask = 2147483647;
			files = (
			);
			runOnlyForDeploymentPostprocessing = 0;
		};
/* End PBXFrameworksBuildPhase section */

/* Begin PBXGroup section */
		363FB1251F17FEC900B08A0A /* REF */ = {
			isa = PBXGroup;
			children = (
				36A180451F9E8F30001705E7 /* SupportiveFunc.swift */,
				36B865C31F5A1A64004353B4 /* CollectionViewCell.swift */,
				3649C9261E72A8AC00D2B9C9 /* WebViewCV.swift */,
				3697C9371E78642A005E0259 /* MainVC.swift */,
				3658CBE91E9BF8E500BEF184 /* SettingsVC.swift */,
				36CC39A71DE4DC6C00804469 /* AppDelegate.swift */,
				3663F0D41E12B81F00AF1DEF /* UIDesign.swift */,
			);
			name = REF;
			sourceTree = "<group>";
		};
		363FB1261F18000C00B08A0A /* Volume */ = {
			isa = PBXGroup;
			children = (
				36B865C51F5A1A9D004353B4 /* VolumeCVC.swift */,
				36B865C91F5A1B3E004353B4 /* VolumeVC.swift */,
			);
			name = Volume;
			sourceTree = "<group>";
		};
		363FB1271F18001500B08A0A /* Area */ = {
			isa = PBXGroup;
			children = (
				36B865C11F5A1A2E004353B4 /* AREACVC.swift */,
				36B865CB1F5A20A6004353B4 /* AreaVC.swift */,
			);
			name = Area;
			sourceTree = "<group>";
		};
		36CC399B1DE4DC6C00804469 = {
			isa = PBXGroup;
			children = (
				36CC39A61DE4DC6C00804469 /* Equations-X */,
				36CC39BB1DE4DC6C00804469 /* Equations-XTests */,
				36CC39C61DE4DC6C00804469 /* Equations-XUITests */,
				36CC39A51DE4DC6C00804469 /* Products */,
			);
			sourceTree = "<group>";
		};
		36CC39A51DE4DC6C00804469 /* Products */ = {
			isa = PBXGroup;
			children = (
				36CC39A41DE4DC6C00804469 /* Equations-X.app */,
				36CC39B81DE4DC6C00804469 /* Equations-XTests.xctest */,
				36CC39C31DE4DC6C00804469 /* Equations-XUITests.xctest */,
			);
			name = Products;
			sourceTree = "<group>";
		};
		36CC39A61DE4DC6C00804469 /* Equations-X */ = {
			isa = PBXGroup;
			children = (
				36CC39AB1DE4DC6C00804469 /* Main.storyboard */,
				363FB1251F17FEC900B08A0A /* REF */,
				36BAAA861E190C3D0028CA8D /* QuadraticEquationVC.swift */,
				36E8B4111E12EB0900E53FDE /* CubicEquation.swift */,
				363FB1261F18000C00B08A0A /* Volume */,
				363FB1271F18001500B08A0A /* Area */,
				362B29251EE179E8007D9874 /* PercentageVC.swift */,
				362B29271EE18867007D9874 /* SlopeVC.swift */,
				362B29291EE204DA007D9874 /* Images.xcassets */,
				36CC39B01DE4DC6C00804469 /* LaunchScreen.storyboard */,
				36CC39B31DE4DC6C00804469 /* Info.plist */,
			);
			path = "Equations-X";
			sourceTree = "<group>";
		};
		36CC39BB1DE4DC6C00804469 /* Equations-XTests */ = {
			isa = PBXGroup;
			children = (
				36CC39BC1DE4DC6C00804469 /* Equations_XTests.swift */,
				36CC39BE1DE4DC6C00804469 /* Info.plist */,
			);
			path = "Equations-XTests";
			sourceTree = "<group>";
		};
		36CC39C61DE4DC6C00804469 /* Equations-XUITests */ = {
			isa = PBXGroup;
			children = (
				36CC39C71DE4DC6C00804469 /* Equations_XUITests.swift */,
				36CC39C91DE4DC6C00804469 /* Info.plist */,
			);
			path = "Equations-XUITests";
			sourceTree = "<group>";
		};
/* End PBXGroup section */

/* Begin PBXNativeTarget section */
		36CC39A31DE4DC6C00804469 /* Equations-X */ = {
			isa = PBXNativeTarget;
			buildConfigurationList = 36CC39CC1DE4DC6C00804469 /* Build configuration list for PBXNativeTarget "Equations-X" */;
			buildPhases = (
				36CC39A01DE4DC6C00804469 /* Sources */,
				36CC39A11DE4DC6C00804469 /* Frameworks */,
				36CC39A21DE4DC6C00804469 /* Resources */,
			);
			buildRules = (
			);
			dependencies = (
			);
			name = "Equations-X";
			productName = "Equations-X";
			productReference = 36CC39A41DE4DC6C00804469 /* Equations-X.app */;
			productType = "com.apple.product-type.application";
		};
		36CC39B71DE4DC6C00804469 /* Equations-XTests */ = {
			isa = PBXNativeTarget;
			buildConfigurationList = 36CC39CF1DE4DC6C00804469 /* Build configuration list for PBXNativeTarget "Equations-XTests" */;
			buildPhases = (
				36CC39B41DE4DC6C00804469 /* Sources */,
				36CC39B51DE4DC6C00804469 /* Frameworks */,
				36CC39B61DE4DC6C00804469 /* Resources */,
			);
			buildRules = (
			);
			dependencies = (
				36CC39BA1DE4DC6C00804469 /* PBXTargetDependency */,
			);
			name = "Equations-XTests";
			productName = "Equations-XTests";
			productReference = 36CC39B81DE4DC6C00804469 /* Equations-XTests.xctest */;
			productType = "com.apple.product-type.bundle.unit-test";
		};
		36CC39C21DE4DC6C00804469 /* Equations-XUITests */ = {
			isa = PBXNativeTarget;
			buildConfigurationList = 36CC39D21DE4DC6C00804469 /* Build configuration list for PBXNativeTarget "Equations-XUITests" */;
			buildPhases = (
				36CC39BF1DE4DC6C00804469 /* Sources */,
				36CC39C01DE4DC6C00804469 /* Frameworks */,
				36CC39C11DE4DC6C00804469 /* Resources */,
			);
			buildRules = (
			);
			dependencies = (
				36CC39C51DE4DC6C00804469 /* PBXTargetDependency */,
			);
			name = "Equations-XUITests";
			productName = "Equations-XUITests";
			productReference = 36CC39C31DE4DC6C00804469 /* Equations-XUITests.xctest */;
			productType = "com.apple.product-type.bundle.ui-testing";
		};
/* End PBXNativeTarget section */

/* Begin PBXProject section */
		36CC399C1DE4DC6C00804469 /* Project object */ = {
			isa = PBXProject;
			attributes = {
				LastSwiftUpdateCheck = 0810;
				LastUpgradeCheck = 0930;
				ORGANIZATIONNAME = IKG;
				TargetAttributes = {
					36CC39A31DE4DC6C00804469 = {
						CreatedOnToolsVersion = 8.1;
						LastSwiftMigration = 0900;
					};
					36CC39B71DE4DC6C00804469 = {
						CreatedOnToolsVersion = 8.1;
						DevelopmentTeam = HZC49KULX4;
						LastSwiftMigration = 0900;
						ProvisioningStyle = Automatic;
						TestTargetID = 36CC39A31DE4DC6C00804469;
					};
					36CC39C21DE4DC6C00804469 = {
						CreatedOnToolsVersion = 8.1;
						DevelopmentTeam = HZC49KULX4;
						LastSwiftMigration = 0900;
						ProvisioningStyle = Automatic;
						TestTargetID = 36CC39A31DE4DC6C00804469;
					};
				};
			};
			buildConfigurationList = 36CC399F1DE4DC6C00804469 /* Build configuration list for PBXProject "Equations-X" */;
			compatibilityVersion = "Xcode 9.3";
			developmentRegion = English;
			hasScannedForEncodings = 0;
			knownRegions = (
				en,
				Base,
			);
			mainGroup = 36CC399B1DE4DC6C00804469;
			productRefGroup = 36CC39A51DE4DC6C00804469 /* Products */;
			projectDirPath = "";
			projectRoot = "";
			targets = (
				36CC39A31DE4DC6C00804469 /* Equations-X */,
				36CC39B71DE4DC6C00804469 /* Equations-XTests */,
				36CC39C21DE4DC6C00804469 /* Equations-XUITests */,
			);
		};
/* End PBXProject section */

/* Begin PBXResourcesBuildPhase section */
		36CC39A21DE4DC6C00804469 /* Resources */ = {
			isa = PBXResourcesBuildPhase;
			buildActionMask = 2147483647;
			files = (
				362B292A1EE204DA007D9874 /* Images.xcassets in Resources */,
				36CC39B21DE4DC6C00804469 /* LaunchScreen.storyboard in Resources */,
				36CC39AD1DE4DC6C00804469 /* Main.storyboard in Resources */,
			);
			runOnlyForDeploymentPostprocessing = 0;
		};
		36CC39B61DE4DC6C00804469 /* Resources */ = {
			isa = PBXResourcesBuildPhase;
			buildActionMask = 2147483647;
			files = (
			);
			runOnlyForDeploymentPostprocessing = 0;
		};
		36CC39C11DE4DC6C00804469 /* Resources */ = {
			isa = PBXResourcesBuildPhase;
			buildActionMask = 2147483647;
			files = (
			);
			runOnlyForDeploymentPostprocessing = 0;
		};
/* End PBXResourcesBuildPhase section */

/* Begin PBXSourcesBuildPhase section */
		36CC39A01DE4DC6C00804469 /* Sources */ = {
			isa = PBXSourcesBuildPhase;
			buildActionMask = 2147483647;
			files = (
				362B29261EE179E8007D9874 /* PercentageVC.swift in Sources */,
				3658CBEA1E9BF8E500BEF184 /* SettingsVC.swift in Sources */,
				3697C9381E78642A005E0259 /* MainVC.swift in Sources */,
				3649C9271E72A8AC00D2B9C9 /* WebViewCV.swift in Sources */,
				36B865C41F5A1A64004353B4 /* CollectionViewCell.swift in Sources */,
				36B865C21F5A1A2E004353B4 /* AREACVC.swift in Sources */,
				362B29281EE18867007D9874 /* SlopeVC.swift in Sources */,
				36BAAA871E190C3D0028CA8D /* QuadraticEquationVC.swift in Sources */,
				36E8B4121E12EB0900E53FDE /* CubicEquation.swift in Sources */,
				36B865CC1F5A20A6004353B4 /* AreaVC.swift in Sources */,
				3663F0D51E12B81F00AF1DEF /* UIDesign.swift in Sources */,
				36B865C61F5A1A9D004353B4 /* VolumeCVC.swift in Sources */,
				36B865CA1F5A1B3E004353B4 /* VolumeVC.swift in Sources */,
				36A180461F9E8F30001705E7 /* SupportiveFunc.swift in Sources */,
				36CC39A81DE4DC6C00804469 /* AppDelegate.swift in Sources */,
			);
			runOnlyForDeploymentPostprocessing = 0;
		};
		36CC39B41DE4DC6C00804469 /* Sources */ = {
			isa = PBXSourcesBuildPhase;
			buildActionMask = 2147483647;
			files = (
				36CC39BD1DE4DC6C00804469 /* Equations_XTests.swift in Sources */,
			);
			runOnlyForDeploymentPostprocessing = 0;
		};
		36CC39BF1DE4DC6C00804469 /* Sources */ = {
			isa = PBXSourcesBuildPhase;
			buildActionMask = 2147483647;
			files = (
				36CC39C81DE4DC6C00804469 /* Equations_XUITests.swift in Sources */,
			);
			runOnlyForDeploymentPostprocessing = 0;
		};
/* End PBXSourcesBuildPhase section */

/* Begin PBXTargetDependency section */
		36CC39BA1DE4DC6C00804469 /* PBXTargetDependency */ = {
			isa = PBXTargetDependency;
			target = 36CC39A31DE4DC6C00804469 /* Equations-X */;
			targetProxy = 36CC39B91DE4DC6C00804469 /* PBXContainerItemProxy */;
		};
		36CC39C51DE4DC6C00804469 /* PBXTargetDependency */ = {
			isa = PBXTargetDependency;
			target = 36CC39A31DE4DC6C00804469 /* Equations-X */;
			targetProxy = 36CC39C41DE4DC6C00804469 /* PBXContainerItemProxy */;
		};
/* End PBXTargetDependency section */

/* Begin PBXVariantGroup section */
		36CC39AB1DE4DC6C00804469 /* Main.storyboard */ = {
			isa = PBXVariantGroup;
			children = (
				36CC39AC1DE4DC6C00804469 /* Base */,
			);
			name = Main.storyboard;
			sourceTree = "<group>";
		};
		36CC39B01DE4DC6C00804469 /* LaunchScreen.storyboard */ = {
			isa = PBXVariantGroup;
			children = (
				36CC39B11DE4DC6C00804469 /* Base */,
			);
			name = LaunchScreen.storyboard;
			sourceTree = "<group>";
		};
/* End PBXVariantGroup section */

/* Begin XCBuildConfiguration section */
		36CC39CA1DE4DC6C00804469 /* Debug */ = {
			isa = XCBuildConfiguration;
			buildSettings = {
				ALWAYS_SEARCH_USER_PATHS = NO;
				CLANG_ANALYZER_NONNULL = YES;
				CLANG_CXX_LANGUAGE_STANDARD = "gnu++0x";
				CLANG_CXX_LIBRARY = "libc++";
				CLANG_ENABLE_MODULES = YES;
				CLANG_ENABLE_OBJC_ARC = YES;
				CLANG_WARN_BLOCK_CAPTURE_AUTORELEASING = YES;
				CLANG_WARN_BOOL_CONVERSION = YES;
				CLANG_WARN_COMMA = YES;
				CLANG_WARN_CONSTANT_CONVERSION = YES;
				CLANG_WARN_DEPRECATED_OBJC_IMPLEMENTATIONS = YES;
				CLANG_WARN_DIRECT_OBJC_ISA_USAGE = YES_ERROR;
				CLANG_WARN_DOCUMENTATION_COMMENTS = YES;
				CLANG_WARN_EMPTY_BODY = YES;
				CLANG_WARN_ENUM_CONVERSION = YES;
				CLANG_WARN_INFINITE_RECURSION = YES;
				CLANG_WARN_INT_CONVERSION = YES;
				CLANG_WARN_NON_LITERAL_NULL_CONVERSION = YES;
				CLANG_WARN_OBJC_IMPLICIT_RETAIN_SELF = YES;
				CLANG_WARN_OBJC_LITERAL_CONVERSION = YES;
				CLANG_WARN_OBJC_ROOT_CLASS = YES_ERROR;
				CLANG_WARN_RANGE_LOOP_ANALYSIS = YES;
				CLANG_WARN_STRICT_PROTOTYPES = YES;
				CLANG_WARN_SUSPICIOUS_MOVE = YES;
				CLANG_WARN_SUSPICIOUS_MOVES = YES;
				CLANG_WARN_UNREACHABLE_CODE = YES;
				CLANG_WARN__DUPLICATE_METHOD_MATCH = YES;
				"CODE_SIGN_IDENTITY[sdk=iphoneos*]" = "iPhone Developer";
				COPY_PHASE_STRIP = NO;
				DEBUG_INFORMATION_FORMAT = dwarf;
				ENABLE_STRICT_OBJC_MSGSEND = YES;
				ENABLE_TESTABILITY = YES;
				GCC_C_LANGUAGE_STANDARD = gnu99;
				GCC_DYNAMIC_NO_PIC = NO;
				GCC_NO_COMMON_BLOCKS = YES;
				GCC_OPTIMIZATION_LEVEL = 0;
				GCC_PREPROCESSOR_DEFINITIONS = (
					"DEBUG=1",
					"$(inherited)",
				);
				GCC_WARN_64_TO_32_BIT_CONVERSION = YES;
				GCC_WARN_ABOUT_RETURN_TYPE = YES_ERROR;
				GCC_WARN_UNDECLARED_SELECTOR = YES;
				GCC_WARN_UNINITIALIZED_AUTOS = YES_AGGRESSIVE;
				GCC_WARN_UNUSED_FUNCTION = YES;
				GCC_WARN_UNUSED_VARIABLE = YES;
				IPHONEOS_DEPLOYMENT_TARGET = 10.1;
				MTL_ENABLE_DEBUG_INFO = YES;
				ONLY_ACTIVE_ARCH = YES;
				SDKROOT = iphoneos;
				SWIFT_ACTIVE_COMPILATION_CONDITIONS = DEBUG;
				SWIFT_OPTIMIZATION_LEVEL = "-Onone";
				SWIFT_SWIFT3_OBJC_INFERENCE = Default;
				TARGETED_DEVICE_FAMILY = "1,2";
			};
			name = Debug;
		};
		36CC39CB1DE4DC6C00804469 /* Release */ = {
			isa = XCBuildConfiguration;
			buildSettings = {
				ALWAYS_SEARCH_USER_PATHS = NO;
				CLANG_ANALYZER_NONNULL = YES;
				CLANG_CXX_LANGUAGE_STANDARD = "gnu++0x";
				CLANG_CXX_LIBRARY = "libc++";
				CLANG_ENABLE_MODULES = YES;
				CLANG_ENABLE_OBJC_ARC = YES;
				CLANG_WARN_BLOCK_CAPTURE_AUTORELEASING = YES;
				CLANG_WARN_BOOL_CONVERSION = YES;
				CLANG_WARN_COMMA = YES;
				CLANG_WARN_CONSTANT_CONVERSION = YES;
				CLANG_WARN_DEPRECATED_OBJC_IMPLEMENTATIONS = YES;
				CLANG_WARN_DIRECT_OBJC_ISA_USAGE = YES_ERROR;
				CLANG_WARN_DOCUMENTATION_COMMENTS = YES;
				CLANG_WARN_EMPTY_BODY = YES;
				CLANG_WARN_ENUM_CONVERSION = YES;
				CLANG_WARN_INFINITE_RECURSION = YES;
				CLANG_WARN_INT_CONVERSION = YES;
				CLANG_WARN_NON_LITERAL_NULL_CONVERSION = YES;
				CLANG_WARN_OBJC_IMPLICIT_RETAIN_SELF = YES;
				CLANG_WARN_OBJC_LITERAL_CONVERSION = YES;
				CLANG_WARN_OBJC_ROOT_CLASS = YES_ERROR;
				CLANG_WARN_RANGE_LOOP_ANALYSIS = YES;
				CLANG_WARN_STRICT_PROTOTYPES = YES;
				CLANG_WARN_SUSPICIOUS_MOVE = YES;
				CLANG_WARN_SUSPICIOUS_MOVES = YES;
				CLANG_WARN_UNREACHABLE_CODE = YES;
				CLANG_WARN__DUPLICATE_METHOD_MATCH = YES;
				"CODE_SIGN_IDENTITY[sdk=iphoneos*]" = "iPhone Developer";
				COPY_PHASE_STRIP = NO;
				DEBUG_INFORMATION_FORMAT = "dwarf-with-dsym";
				ENABLE_NS_ASSERTIONS = NO;
				ENABLE_STRICT_OBJC_MSGSEND = YES;
				GCC_C_LANGUAGE_STANDARD = gnu99;
				GCC_NO_COMMON_BLOCKS = YES;
				GCC_WARN_64_TO_32_BIT_CONVERSION = YES;
				GCC_WARN_ABOUT_RETURN_TYPE = YES_ERROR;
				GCC_WARN_UNDECLARED_SELECTOR = YES;
				GCC_WARN_UNINITIALIZED_AUTOS = YES_AGGRESSIVE;
				GCC_WARN_UNUSED_FUNCTION = YES;
				GCC_WARN_UNUSED_VARIABLE = YES;
				IPHONEOS_DEPLOYMENT_TARGET = 10.1;
				MTL_ENABLE_DEBUG_INFO = NO;
				SDKROOT = iphoneos;
				SWIFT_COMPILATION_MODE = wholemodule;
				SWIFT_OPTIMIZATION_LEVEL = "-O";
				SWIFT_SWIFT3_OBJC_INFERENCE = Default;
				TARGETED_DEVICE_FAMILY = "1,2";
				VALIDATE_PRODUCT = YES;
			};
			name = Release;
		};
		36CC39CD1DE4DC6C00804469 /* Debug */ = {
			isa = XCBuildConfiguration;
			buildSettings = {
				ASSETCATALOG_COMPILER_APPICON_NAME = AppIcon;
				CODE_SIGN_IDENTITY = "iPhone Developer";
				CODE_SIGN_STYLE = Automatic;
				DEVELOPMENT_TEAM = 23A6JT38MV;
				INFOPLIST_FILE = "Equations-X/Info.plist";
				IPHONEOS_DEPLOYMENT_TARGET = 11.0;
				LD_RUNPATH_SEARCH_PATHS = (
					"$(inherited)",
					"@executable_path/Frameworks",
				);
				PRODUCT_BUNDLE_IDENTIFIER = com.EquationsX.weikang;
				PRODUCT_NAME = "$(TARGET_NAME)";
				PROVISIONING_PROFILE_SPECIFIER = "";
				SWIFT_SWIFT3_OBJC_INFERENCE = Default;
				SWIFT_VERSION = 4.0;
				TARGETED_DEVICE_FAMILY = 1;
			};
			name = Debug;
		};
		36CC39CE1DE4DC6C00804469 /* Release */ = {
			isa = XCBuildConfiguration;
			buildSettings = {
				ASSETCATALOG_COMPILER_APPICON_NAME = AppIcon;
				CODE_SIGN_IDENTITY = "iPhone Developer";
				CODE_SIGN_STYLE = Automatic;
				DEVELOPMENT_TEAM = 23A6JT38MV;
				INFOPLIST_FILE = "Equations-X/Info.plist";
				IPHONEOS_DEPLOYMENT_TARGET = 11.0;
				LD_RUNPATH_SEARCH_PATHS = (
					"$(inherited)",
					"@executable_path/Frameworks",
				);
				PRODUCT_BUNDLE_IDENTIFIER = com.EquationsX.weikang;
				PRODUCT_NAME = "$(TARGET_NAME)";
				PROVISIONING_PROFILE_SPECIFIER = "";
				SWIFT_SWIFT3_OBJC_INFERENCE = Default;
				SWIFT_VERSION = 4.0;
				TARGETED_DEVICE_FAMILY = 1;
			};
			name = Release;
		};
		36CC39D01DE4DC6C00804469 /* Debug */ = {
			isa = XCBuildConfiguration;
			buildSettings = {
				ALWAYS_EMBED_SWIFT_STANDARD_LIBRARIES = YES;
				BUNDLE_LOADER = "$(TEST_HOST)";
				DEVELOPMENT_TEAM = HZC49KULX4;
				INFOPLIST_FILE = "Equations-XTests/Info.plist";
				LD_RUNPATH_SEARCH_PATHS = (
					"$(inherited)",
					"@executable_path/Frameworks",
					"@loader_path/Frameworks",
				);
				PRODUCT_BUNDLE_IDENTIFIER = "com.ikg.Equations-XTests";
				PRODUCT_NAME = "$(TARGET_NAME)";
				SWIFT_SWIFT3_OBJC_INFERENCE = Default;
				SWIFT_VERSION = 4.0;
				TEST_HOST = "$(BUILT_PRODUCTS_DIR)/Equations-X.app/Equations-X";
			};
			name = Debug;
		};
		36CC39D11DE4DC6C00804469 /* Release */ = {
			isa = XCBuildConfiguration;
			buildSettings = {
				ALWAYS_EMBED_SWIFT_STANDARD_LIBRARIES = YES;
				BUNDLE_LOADER = "$(TEST_HOST)";
				DEVELOPMENT_TEAM = HZC49KULX4;
				INFOPLIST_FILE = "Equations-XTests/Info.plist";
				LD_RUNPATH_SEARCH_PATHS = (
					"$(inherited)",
					"@executable_path/Frameworks",
					"@loader_path/Frameworks",
				);
				PRODUCT_BUNDLE_IDENTIFIER = "com.ikg.Equations-XTests";
				PRODUCT_NAME = "$(TARGET_NAME)";
				SWIFT_SWIFT3_OBJC_INFERENCE = Default;
				SWIFT_VERSION = 4.0;
				TEST_HOST = "$(BUILT_PRODUCTS_DIR)/Equations-X.app/Equations-X";
			};
			name = Release;
		};
		36CC39D31DE4DC6C00804469 /* Debug */ = {
			isa = XCBuildConfiguration;
			buildSettings = {
				ALWAYS_EMBED_SWIFT_STANDARD_LIBRARIES = YES;
				DEVELOPMENT_TEAM = HZC49KULX4;
				INFOPLIST_FILE = "Equations-XUITests/Info.plist";
				LD_RUNPATH_SEARCH_PATHS = (
					"$(inherited)",
					"@executable_path/Frameworks",
					"@loader_path/Frameworks",
				);
				PRODUCT_BUNDLE_IDENTIFIER = "com.ikg.Equations-XUITests";
				PRODUCT_NAME = "$(TARGET_NAME)";
				SWIFT_SWIFT3_OBJC_INFERENCE = Default;
				SWIFT_VERSION = 4.0;
				TEST_TARGET_NAME = "Equations-X";
			};
			name = Debug;
		};
		36CC39D41DE4DC6C00804469 /* Release */ = {
			isa = XCBuildConfiguration;
			buildSettings = {
				ALWAYS_EMBED_SWIFT_STANDARD_LIBRARIES = YES;
				DEVELOPMENT_TEAM = HZC49KULX4;
				INFOPLIST_FILE = "Equations-XUITests/Info.plist";
				LD_RUNPATH_SEARCH_PATHS = (
					"$(inherited)",
					"@executable_path/Frameworks",
					"@loader_path/Frameworks",
				);
				PRODUCT_BUNDLE_IDENTIFIER = "com.ikg.Equations-XUITests";
				PRODUCT_NAME = "$(TARGET_NAME)";
				SWIFT_SWIFT3_OBJC_INFERENCE = Default;
				SWIFT_VERSION = 4.0;
				TEST_TARGET_NAME = "Equations-X";
			};
			name = Release;
		};
/* End XCBuildConfiguration section */

/* Begin XCConfigurationList section */
		36CC399F1DE4DC6C00804469 /* Build configuration list for PBXProject "Equations-X" */ = {
			isa = XCConfigurationList;
			buildConfigurations = (
				36CC39CA1DE4DC6C00804469 /* Debug */,
				36CC39CB1DE4DC6C00804469 /* Release */,
			);
			defaultConfigurationIsVisible = 0;
			defaultConfigurationName = Release;
		};
		36CC39CC1DE4DC6C00804469 /* Build configuration list for PBXNativeTarget "Equations-X" */ = {
			isa = XCConfigurationList;
			buildConfigurations = (
				36CC39CD1DE4DC6C00804469 /* Debug */,
				36CC39CE1DE4DC6C00804469 /* Release */,
			);
			defaultConfigurationIsVisible = 0;
			defaultConfigurationName = Release;
		};
		36CC39CF1DE4DC6C00804469 /* Build configuration list for PBXNativeTarget "Equations-XTests" */ = {
			isa = XCConfigurationList;
			buildConfigurations = (
				36CC39D01DE4DC6C00804469 /* Debug */,
				36CC39D11DE4DC6C00804469 /* Release */,
			);
			defaultConfigurationIsVisible = 0;
			defaultConfigurationName = Release;
		};
		36CC39D21DE4DC6C00804469 /* Build configuration list for PBXNativeTarget "Equations-XUITests" */ = {
			isa = XCConfigurationList;
			buildConfigurations = (
				36CC39D31DE4DC6C00804469 /* Debug */,
				36CC39D41DE4DC6C00804469 /* Release */,
			);
			defaultConfigurationIsVisible = 0;
			defaultConfigurationName = Release;
		};
/* End XCConfigurationList section */
	};
	rootObject = 36CC399C1DE4DC6C00804469 /* Project object */;
}
